
Microsoft Visual Studio Solution File, Format Version 12.00
# Visual Studio Version 16
VisualStudioVersion = 16.0.32228.343
MinimumVisualStudioVersion = 10.0.40219.1
Project("{FAE04EC0-301F-11D3-BF4B-00C04F79EFBC}") = "ControlDeCalidadCliente.Presentacion", "ControlDeCalidadCliente.Presentacion\ControlDeCalidadCliente.Presentacion.csproj", "{6162A777-8C32-4402-884B-FCE72AB698B9}"
EndProject
Global
	GlobalSection(SolutionConfigurationPlatforms) = preSolution
		Debug|Any CPU = Debug|Any CPU
		Release|Any CPU = Release|Any CPU
	EndGlobalSection
	GlobalSection(ProjectConfigurationPlatforms) = postSolution
		{6162A777-8C32-4402-884B-FCE72AB698B9}.Debug|Any CPU.ActiveCfg = Debug|Any CPU
		{6162A777-8C32-4402-884B-FCE72AB698B9}.Debug|Any CPU.Build.0 = Debug|Any CPU
		{6162A777-8C32-4402-884B-FCE72AB698B9}.Release|Any CPU.ActiveCfg = Release|Any CPU
		{6162A777-8C32-4402-884B-FCE72AB698B9}.Release|Any CPU.Build.0 = Release|Any CPU
	EndGlobalSection
	GlobalSection(SolutionProperties) = preSolution
		HideSolutionNode = FALSE
	EndGlobalSection
	GlobalSection(ExtensibilityGlobals) = postSolution
		SolutionGuid = {0ECB44A4-3FD3-495E-AA1D-7617357F4ECE}
	EndGlobalSection
EndGlobal
